# THIS IS AN AUTOGENERATED FILE. DO NOT EDIT THIS FILE DIRECTLY.
# yarn lockfile v1


async@0.9.x:
  version "0.9.2"
  resolved "https://registry.yarnpkg.com/async/-/async-0.9.2.tgz#aea74d5e61c1f899613bf64bda66d4c78f2fd17d"
  integrity sha1-rqdNXmHB+JlhO/ZL2mbUx48v0X0=

bintrees@1.0.1:
  version "1.0.1"
  resolved "https://registry.yarnpkg.com/bintrees/-/bintrees-1.0.1.tgz#0e655c9b9c2435eaab68bf4027226d2b55a34524"
  integrity sha1-DmVcm5wkNeqraL9AJyJtK1WjRSQ=

bluebird@^3.4.0:
  version "3.7.2"
  resolved "https://registry.yarnpkg.com/bluebird/-/bluebird-3.7.2.tgz#9f229c15be272454ffa973ace0dbee79a1b0c36f"
  integrity sha512-XpNj6GDQzdfW+r2Wnn7xiSAd7TM3jzkxGXBGTtWKuSXv1xUV+azxAm8jdWZN06QTQk+2N2XB9jRDkvbmQmcRtg==

ovh@^2.0.3:
  version "2.0.3"
  resolved "https://registry.yarnpkg.com/ovh/-/ovh-2.0.3.tgz#e3a709360bd3bfd2275caf65b7648368afe76fc6"
  integrity sha512-K2XpfSYza7PHVDqAP6BNk92X3f+BvaNd6eSgMqguLTaUz/DYzOyHsbGFu7lyHTkIUUb9qamvJ9FC6OTzk7tj3Q==
  dependencies:
    async "0.9.x"
    bluebird "^3.4.0"

prom-client@^13.1.0:
  version "13.1.0"
  resolved "https://registry.yarnpkg.com/prom-client/-/prom-client-13.1.0.tgz#1185caffd8691e28d32e373972e662964e3dba45"
  integrity sha512-jT9VccZCWrJWXdyEtQddCDszYsiuWj5T0ekrPszi/WEegj3IZy6Mm09iOOVM86A4IKMWq8hZkT2dD9MaSe+sng==
  dependencies:
    tdigest "^0.1.1"

tdigest@^0.1.1:
  version "0.1.1"
  resolved "https://registry.yarnpkg.com/tdigest/-/tdigest-0.1.1.tgz#2e3cb2c39ea449e55d1e6cd91117accca4588021"
  integrity sha1-Ljyyw56kSeVdHmzZEReszKRYgCE=
  dependencies:
    bintrees "1.0.1"
